
Microsoft Visual Studio Solution File, Format Version 12.00
Project("{FAE04EC0-301F-11D3-BF4B-00C04F79EFBC}") = "MKKDotNetCore.ConsoleApp", "MKKDotNetCore.ConsoleApp\MKKDotNetCore.ConsoleApp.csproj", "{8272A977-B91C-4C9E-9490-75118DA7C9D2}"
EndProject
Project("{FAE04EC0-301F-11D3-BF4B-00C04F79EFBC}") = "MKKDotNetCore.RestApi", "MKKDotNetCore.RestApi\MKKDotNetCore.RestApi.csproj", "{7B76E53B-9FD1-4F71-BE8E-B8E7C3725548}"
EndProject
Project("{2150E333-8FDC-42A3-9474-1A3956D46DE8}") = "Solution Items", "Solution Items", "{3D6BFD16-BBEE-4B7B-A112-2122DBD63843}"
	ProjectSection(SolutionItems) = preProject
		docker-compose.yml = docker-compose.yml
	EndProjectSection
EndProject
Project("{FAE04EC0-301F-11D3-BF4B-00C04F79EFBC}") = "MKKDotNetCore.Shared", "MKKDotNetCore.Shared\MKKDotNetCore.Shared.csproj", "{E48B428F-1964-4AA2-A419-C0FCBF1D6DA4}"
EndProject
Project("{FAE04EC0-301F-11D3-BF4B-00C04F79EFBC}") = "MKKDotNetCore.ApiWithNLayer", "MKKDotNetCore.ApiWithNLayer\MKKDotNetCore.ApiWithNLayer.csproj", "{14BC373B-E550-4A66-82EC-D7106722C67A}"
EndProject
Project("{FAE04EC0-301F-11D3-BF4B-00C04F79EFBC}") = "MKKDotNetCore.ConsoleAppHttpClient", "MKKDotNetCore.ConsoleAppHttpClient\MKKDotNetCore.ConsoleAppHttpClient.csproj", "{E9921DEC-32A5-4C76-9E84-8082FCE769E0}"
EndProject
Project("{FAE04EC0-301F-11D3-BF4B-00C04F79EFBC}") = "MKKDotNetCore.SnakeApi", "MKKDotNetCore.SnakeApi\MKKDotNetCore.SnakeApi.csproj", "{7EC19867-38E4-435C-850B-48AB546E1B1D}"
EndProject
Project("{FAE04EC0-301F-11D3-BF4B-00C04F79EFBC}") = "MKKDotNetCoreMvcApp", "MKKDotNetCoreMvcApp\MKKDotNetCoreMvcApp.csproj", "{BC1BCC40-4C74-40A6-8CEB-36CF21592813}"
EndProject
Global
	GlobalSection(SolutionConfigurationPlatforms) = preSolution
		Debug|Any CPU = Debug|Any CPU
		Release|Any CPU = Release|Any CPU
	EndGlobalSection
	GlobalSection(ProjectConfigurationPlatforms) = postSolution
		{8272A977-B91C-4C9E-9490-75118DA7C9D2}.Debug|Any CPU.ActiveCfg = Debug|Any CPU
		{8272A977-B91C-4C9E-9490-75118DA7C9D2}.Debug|Any CPU.Build.0 = Debug|Any CPU
		{8272A977-B91C-4C9E-9490-75118DA7C9D2}.Release|Any CPU.ActiveCfg = Release|Any CPU
		{8272A977-B91C-4C9E-9490-75118DA7C9D2}.Release|Any CPU.Build.0 = Release|Any CPU
		{7B76E53B-9FD1-4F71-BE8E-B8E7C3725548}.Debug|Any CPU.ActiveCfg = Debug|Any CPU
		{7B76E53B-9FD1-4F71-BE8E-B8E7C3725548}.Debug|Any CPU.Build.0 = Debug|Any CPU
		{7B76E53B-9FD1-4F71-BE8E-B8E7C3725548}.Release|Any CPU.ActiveCfg = Release|Any CPU
		{7B76E53B-9FD1-4F71-BE8E-B8E7C3725548}.Release|Any CPU.Build.0 = Release|Any CPU
		{E48B428F-1964-4AA2-A419-C0FCBF1D6DA4}.Debug|Any CPU.ActiveCfg = Debug|Any CPU
		{E48B428F-1964-4AA2-A419-C0FCBF1D6DA4}.Debug|Any CPU.Build.0 = Debug|Any CPU
		{E48B428F-1964-4AA2-A419-C0FCBF1D6DA4}.Release|Any CPU.ActiveCfg = Release|Any CPU
		{E48B428F-1964-4AA2-A419-C0FCBF1D6DA4}.Release|Any CPU.Build.0 = Release|Any CPU
		{14BC373B-E550-4A66-82EC-D7106722C67A}.Debug|Any CPU.ActiveCfg = Debug|Any CPU
		{14BC373B-E550-4A66-82EC-D7106722C67A}.Debug|Any CPU.Build.0 = Debug|Any CPU
		{14BC373B-E550-4A66-82EC-D7106722C67A}.Release|Any CPU.ActiveCfg = Release|Any CPU
		{14BC373B-E550-4A66-82EC-D7106722C67A}.Release|Any CPU.Build.0 = Release|Any CPU
		{E9921DEC-32A5-4C76-9E84-8082FCE769E0}.Debug|Any CPU.ActiveCfg = Debug|Any CPU
		{E9921DEC-32A5-4C76-9E84-8082FCE769E0}.Debug|Any CPU.Build.0 = Debug|Any CPU
		{E9921DEC-32A5-4C76-9E84-8082FCE769E0}.Release|Any CPU.ActiveCfg = Release|Any CPU
		{E9921DEC-32A5-4C76-9E84-8082FCE769E0}.Release|Any CPU.Build.0 = Release|Any CPU
		{7EC19867-38E4-435C-850B-48AB546E1B1D}.Debug|Any CPU.ActiveCfg = Debug|Any CPU
		{7EC19867-38E4-435C-850B-48AB546E1B1D}.Debug|Any CPU.Build.0 = Debug|Any CPU
		{7EC19867-38E4-435C-850B-48AB546E1B1D}.Release|Any CPU.ActiveCfg = Release|Any CPU
		{7EC19867-38E4-435C-850B-48AB546E1B1D}.Release|Any CPU.Build.0 = Release|Any CPU
		{BC1BCC40-4C74-40A6-8CEB-36CF21592813}.Debug|Any CPU.ActiveCfg = Debug|Any CPU
		{BC1BCC40-4C74-40A6-8CEB-36CF21592813}.Debug|Any CPU.Build.0 = Debug|Any CPU
		{BC1BCC40-4C74-40A6-8CEB-36CF21592813}.Release|Any CPU.ActiveCfg = Release|Any CPU
		{BC1BCC40-4C74-40A6-8CEB-36CF21592813}.Release|Any CPU.Build.0 = Release|Any CPU
	EndGlobalSection
EndGlobal
